
Microsoft Visual Studio Solution File, Format Version 12.00
# Visual Studio Version 17
VisualStudioVersion = 17.3.32811.315
MinimumVisualStudioVersion = 10.0.40219.1
Project("{FAE04EC0-301F-11D3-BF4B-00C04F79EFBC}") = "WebApplication_MVC", "WebApplication_MVC.csproj", "{7A6A7B80-EDEB-4D0C-BBC7-AA1F3988F72D}"
EndProject
Global
	GlobalSection(SolutionConfigurationPlatforms) = preSolution
		Debug|Any CPU = Debug|Any CPU
		Release|Any CPU = Release|Any CPU
	EndGlobalSection
	GlobalSection(ProjectConfigurationPlatforms) = postSolution
		{7A6A7B80-EDEB-4D0C-BBC7-AA1F3988F72D}.Debug|Any CPU.ActiveCfg = Debug|Any CPU
		{7A6A7B80-EDEB-4D0C-BBC7-AA1F3988F72D}.Debug|Any CPU.Build.0 = Debug|Any CPU
		{7A6A7B80-EDEB-4D0C-BBC7-AA1F3988F72D}.Release|Any CPU.ActiveCfg = Release|Any CPU
		{7A6A7B80-EDEB-4D0C-BBC7-AA1F3988F72D}.Release|Any CPU.Build.0 = Release|Any CPU
	EndGlobalSection
	GlobalSection(SolutionProperties) = preSolution
		HideSolutionNode = FALSE
	EndGlobalSection
	GlobalSection(ExtensibilityGlobals) = postSolution
		SolutionGuid = {94AAC311-73E5-48B8-9252-F95C8DFA77BF}
	EndGlobalSection
EndGlobal
